
Microsoft Visual Studio Solution File, Format Version 12.00
# Visual Studio Version 16
VisualStudioVersion = 16.0.31205.134
MinimumVisualStudioVersion = 10.0.40219.1
Project("{FAE04EC0-301F-11D3-BF4B-00C04F79EFBC}") = "AppForFixingMaterial", "AppForFixingMaterial\AppForFixingMaterial.csproj", "{D7A6DBA8-A377-42E1-AA75-ED67E0EEC569}"
EndProject
Project("{FAE04EC0-301F-11D3-BF4B-00C04F79EFBC}") = "Plugin.Infrastructure", "Plugin.Infrastructure\Plugin.Infrastructure.csproj", "{ADFEC060-80B0-4E65-BE86-376C36E6EE0C}"
EndProject
Project("{FAE04EC0-301F-11D3-BF4B-00C04F79EFBC}") = "MyPlugin", "MyPlugin\MyPlugin.csproj", "{6298A4C8-BD7E-45BD-8D58-7D7092F00B44}"
EndProject
Global
	GlobalSection(SolutionConfigurationPlatforms) = preSolution
		Debug|Any CPU = Debug|Any CPU
		Release|Any CPU = Release|Any CPU
	EndGlobalSection
	GlobalSection(ProjectConfigurationPlatforms) = postSolution
		{D7A6DBA8-A377-42E1-AA75-ED67E0EEC569}.Debug|Any CPU.ActiveCfg = Debug|Any CPU
		{D7A6DBA8-A377-42E1-AA75-ED67E0EEC569}.Debug|Any CPU.Build.0 = Debug|Any CPU
		{D7A6DBA8-A377-42E1-AA75-ED67E0EEC569}.Release|Any CPU.ActiveCfg = Release|Any CPU
		{D7A6DBA8-A377-42E1-AA75-ED67E0EEC569}.Release|Any CPU.Build.0 = Release|Any CPU
		{ADFEC060-80B0-4E65-BE86-376C36E6EE0C}.Debug|Any CPU.ActiveCfg = Debug|Any CPU
		{ADFEC060-80B0-4E65-BE86-376C36E6EE0C}.Debug|Any CPU.Build.0 = Debug|Any CPU
		{ADFEC060-80B0-4E65-BE86-376C36E6EE0C}.Release|Any CPU.ActiveCfg = Release|Any CPU
		{ADFEC060-80B0-4E65-BE86-376C36E6EE0C}.Release|Any CPU.Build.0 = Release|Any CPU
		{6298A4C8-BD7E-45BD-8D58-7D7092F00B44}.Debug|Any CPU.ActiveCfg = Debug|Any CPU
		{6298A4C8-BD7E-45BD-8D58-7D7092F00B44}.Debug|Any CPU.Build.0 = Debug|Any CPU
		{6298A4C8-BD7E-45BD-8D58-7D7092F00B44}.Release|Any CPU.ActiveCfg = Release|Any CPU
		{6298A4C8-BD7E-45BD-8D58-7D7092F00B44}.Release|Any CPU.Build.0 = Release|Any CPU
	EndGlobalSection
	GlobalSection(SolutionProperties) = preSolution
		HideSolutionNode = FALSE
	EndGlobalSection
	GlobalSection(ExtensibilityGlobals) = postSolution
		SolutionGuid = {054D8FD7-4AA7-4A15-B0A0-2890C013A9CA}
	EndGlobalSection
EndGlobal
